
Microsoft Visual Studio Solution File, Format Version 12.00
# Visual Studio Version 17
VisualStudioVersion = 17.14.36915.13 d17.14
MinimumVisualStudioVersion = 10.0.40219.1
Project("{FAE04EC0-301F-11D3-BF4B-00C04F79EFBC}") = "LibraryManagementSystem", "LibraryManagementSystem.csproj", "{199A8302-581F-4ADD-BED2-1B77675E37CF}"
EndProject
Global
	GlobalSection(SolutionConfigurationPlatforms) = preSolution
		Debug|Any CPU = Debug|Any CPU
		Release|Any CPU = Release|Any CPU
	EndGlobalSection
	GlobalSection(ProjectConfigurationPlatforms) = postSolution
		{199A8302-581F-4ADD-BED2-1B77675E37CF}.Debug|Any CPU.ActiveCfg = Debug|Any CPU
		{199A8302-581F-4ADD-BED2-1B77675E37CF}.Debug|Any CPU.Build.0 = Debug|Any CPU
		{199A8302-581F-4ADD-BED2-1B77675E37CF}.Release|Any CPU.ActiveCfg = Release|Any CPU
		{199A8302-581F-4ADD-BED2-1B77675E37CF}.Release|Any CPU.Build.0 = Release|Any CPU
	EndGlobalSection
	GlobalSection(SolutionProperties) = preSolution
		HideSolutionNode = FALSE
	EndGlobalSection
	GlobalSection(ExtensibilityGlobals) = postSolution
		SolutionGuid = {E52D5845-20A3-4AB0-93A0-2F7ABB2655B6}
	EndGlobalSection
EndGlobal
